// !$*UTF8*$!
{
	archiveVersion = 1;
	classes = {
	};
	objectVersion = 50;
	objects = {

/* Begin PBXBuildFile section */
		11A1378F21EED2F50095C3CA /* AppDelegate.m in Sources */ = {isa = PBXBuildFile; fileRef = 11A1378E21EED2F50095C3CA /* AppDelegate.m */; };
		11A1379221EED2F50095C3CA /* ViewController.m in Sources */ = {isa = PBXBuildFile; fileRef = 11A1379121EED2F50095C3CA /* ViewController.m */; };
		11A1379521EED2F50095C3CA /* Main.storyboard in Resources */ = {isa = PBXBuildFile; fileRef = 11A1379321EED2F50095C3CA /* Main.storyboard */; };
		11A1379721EED2F80095C3CA /* Assets.xcassets in Resources */ = {isa = PBXBuildFile; fileRef = 11A1379621EED2F80095C3CA /* Assets.xcassets */; };
		11A1379A21EED2F80095C3CA /* LaunchScreen.storyboard in Resources */ = {isa = PBXBuildFile; fileRef = 11A1379821EED2F80095C3CA /* LaunchScreen.storyboard */; };
		11A1379D21EED2F80095C3CA /* main.m in Sources */ = {isa = PBXBuildFile; fileRef = 11A1379C21EED2F80095C3CA /* main.m */; };
		11A137A721EED2F80095C3CA /* SK_LLDB1Tests.m in Sources */ = {isa = PBXBuildFile; fileRef = 11A137A621EED2F80095C3CA /* SK_LLDB1Tests.m */; };
		11A137B221EED2F80095C3CA /* SK_LLDB1UITests.m in Sources */ = {isa = PBXBuildFile; fileRef = 11A137B121EED2F80095C3CA /* SK_LLDB1UITests.m */; };
/* End PBXBuildFile section */

/* Begin PBXContainerItemProxy section */
		11A137A321EED2F80095C3CA /* PBXContainerItemProxy */ = {
			isa = PBXContainerItemProxy;
			containerPortal = 11A1378221EED2F50095C3CA /* Project object */;
			proxyType = 1;
			remoteGlobalIDString = 11A1378921EED2F50095C3CA;
			remoteInfo = SK_LLDB1;
		};
		11A137AE21EED2F80095C3CA /* PBXContainerItemProxy */ = {
			isa = PBXContainerItemProxy;
			containerPortal = 11A1378221EED2F50095C3CA /* Project object */;
			proxyType = 1;
			remoteGlobalIDString = 11A1378921EED2F50095C3CA;
			remoteInfo = SK_LLDB1;
		};
/* End PBXContainerItemProxy section */

/* Begin PBXFileReference section */
		11A1378A21EED2F50095C3CA /* SK_LLDB1.app */ = {isa = PBXFileReference; explicitFileType = wrapper.application; includeInIndex = 0; path = SK_LLDB1.app; sourceTree = BUILT_PRODUCTS_DIR; };
		11A1378D21EED2F50095C3CA /* AppDelegate.h */ = {isa = PBXFileReference; lastKnownFileType = sourcecode.c.h; path = AppDelegate.h; sourceTree = "<group>"; };
		11A1378E21EED2F50095C3CA /* AppDelegate.m */ = {isa = PBXFileReference; lastKnownFileType = sourcecode.c.objc; path = AppDelegate.m; sourceTree = "<group>"; };
		11A1379021EED2F50095C3CA /* ViewController.h */ = {isa = PBXFileReference; lastKnownFileType = sourcecode.c.h; path = ViewController.h; sourceTree = "<group>"; };
		11A1379121EED2F50095C3CA /* ViewController.m */ = {isa = PBXFileReference; lastKnownFileType = sourcecode.c.objc; path = ViewController.m; sourceTree = "<group>"; };
		11A1379421EED2F50095C3CA /* Base */ = {isa = PBXFileReference; lastKnownFileType = file.storyboard; name = Base; path = Base.lproj/Main.storyboard; sourceTree = "<group>"; };
		11A1379621EED2F80095C3CA /* Assets.xcassets */ = {isa = PBXFileReference; lastKnownFileType = folder.assetcatalog; path = Assets.xcassets; sourceTree = "<group>"; };
		11A1379921EED2F80095C3CA /* Base */ = {isa = PBXFileReference; lastKnownFileType = file.storyboard; name = Base; path = Base.lproj/LaunchScreen.storyboard; sourceTree = "<group>"; };
		11A1379B21EED2F80095C3CA /* Info.plist */ = {isa = PBXFileReference; lastKnownFileType = text.plist.xml; path = Info.plist; sourceTree = "<group>"; };
		11A1379C21EED2F80095C3CA /* main.m */ = {isa = PBXFileReference; lastKnownFileType = sourcecode.c.objc; path = main.m; sourceTree = "<group>"; };
		11A137A221EED2F80095C3CA /* SK_LLDB1Tests.xctest */ = {isa = PBXFileReference; explicitFileType = wrapper.cfbundle; includeInIndex = 0; path = SK_LLDB1Tests.xctest; sourceTree = BUILT_PRODUCTS_DIR; };
		11A137A621EED2F80095C3CA /* SK_LLDB1Tests.m */ = {isa = PBXFileReference; lastKnownFileType = sourcecode.c.objc; path = SK_LLDB1Tests.m; sourceTree = "<group>"; };
		11A137A821EED2F80095C3CA /* Info.plist */ = {isa = PBXFileReference; lastKnownFileType = text.plist.xml; path = Info.plist; sourceTree = "<group>"; };
		11A137AD21EED2F80095C3CA /* SK_LLDB1UITests.xctest */ = {isa = PBXFileReference; explicitFileType = wrapper.cfbundle; includeInIndex = 0; path = SK_LLDB1UITests.xctest; sourceTree = BUILT_PRODUCTS_DIR; };
		11A137B121EED2F80095C3CA /* SK_LLDB1UITests.m */ = {isa = PBXFileReference; lastKnownFileType = sourcecode.c.objc; path = SK_LLDB1UITests.m; sourceTree = "<group>"; };
		11A137B321EED2F80095C3CA /* Info.plist */ = {isa = PBXFileReference; lastKnownFileType = text.plist.xml; path = Info.plist; sourceTree = "<group>"; };
/* End PBXFileReference section */

/* Begin PBXFrameworksBuildPhase section */
		11A1378721EED2F50095C3CA /* Frameworks */ = {
			isa = PBXFrameworksBuildPhase;
			buildActionMask = 2147483647;
			files = (
			);
			runOnlyForDeploymentPostprocessing = 0;
		};
		11A1379F21EED2F80095C3CA /* Frameworks */ = {
			isa = PBXFrameworksBuildPhase;
			buildActionMask = 2147483647;
			files = (
			);
			runOnlyForDeploymentPostprocessing = 0;
		};
		11A137AA21EED2F80095C3CA /* Frameworks */ = {
			isa = PBXFrameworksBuildPhase;
			buildActionMask = 2147483647;
			files = (
			);
			runOnlyForDeploymentPostprocessing = 0;
		};
/* End PBXFrameworksBuildPhase section */

/* Begin PBXGroup section */
		11A1378121EED2F50095C3CA = {
			isa = PBXGroup;
			children = (
				11A1378C21EED2F50095C3CA /* SK_LLDB1 */,
				11A137A521EED2F80095C3CA /* SK_LLDB1Tests */,
				11A137B021EED2F80095C3CA /* SK_LLDB1UITests */,
				11A1378B21EED2F50095C3CA /* Products */,
			);
			sourceTree = "<group>";
		};
		11A1378B21EED2F50095C3CA /* Products */ = {
			isa = PBXGroup;
			children = (
				11A1378A21EED2F50095C3CA /* SK_LLDB1.app */,
				11A137A221EED2F80095C3CA /* SK_LLDB1Tests.xctest */,
				11A137AD21EED2F80095C3CA /* SK_LLDB1UITests.xctest */,
			);
			name = Products;
			sourceTree = "<group>";
		};
		11A1378C21EED2F50095C3CA /* SK_LLDB1 */ = {
			isa = PBXGroup;
			children = (
				11A1378D21EED2F50095C3CA /* AppDelegate.h */,
				11A1378E21EED2F50095C3CA /* AppDelegate.m */,
				11A1379021EED2F50095C3CA /* ViewController.h */,
				11A1379121EED2F50095C3CA /* ViewController.m */,
				11A1379321EED2F50095C3CA /* Main.storyboard */,
				11A1379621EED2F80095C3CA /* Assets.xcassets */,
				11A1379821EED2F80095C3CA /* LaunchScreen.storyboard */,
				11A1379B21EED2F80095C3CA /* Info.plist */,
				11A1379C21EED2F80095C3CA /* main.m */,
			);
			path = SK_LLDB1;
			sourceTree = "<group>";
		};
		11A137A521EED2F80095C3CA /* SK_LLDB1Tests */ = {
			isa = PBXGroup;
			children = (
				11A137A621EED2F80095C3CA /* SK_LLDB1Tests.m */,
				11A137A821EED2F80095C3CA /* Info.plist */,
			);
			path = SK_LLDB1Tests;
			sourceTree = "<group>";
		};
		11A137B021EED2F80095C3CA /* SK_LLDB1UITests */ = {
			isa = PBXGroup;
			children = (
				11A137B121EED2F80095C3CA /* SK_LLDB1UITests.m */,
				11A137B321EED2F80095C3CA /* Info.plist */,
			);
			path = SK_LLDB1UITests;
			sourceTree = "<group>";
		};
/* End PBXGroup section */

/* Begin PBXNativeTarget section */
		11A1378921EED2F50095C3CA /* SK_LLDB1 */ = {
			isa = PBXNativeTarget;
			buildConfigurationList = 11A137B621EED2F80095C3CA /* Build configuration list for PBXNativeTarget "SK_LLDB1" */;
			buildPhases = (
				11A1378621EED2F50095C3CA /* Sources */,
				11A1378721EED2F50095C3CA /* Frameworks */,
				11A1378821EED2F50095C3CA /* Resources */,
			);
			buildRules = (
			);
			dependencies = (
			);
			name = SK_LLDB1;
			productName = SK_LLDB1;
			productReference = 11A1378A21EED2F50095C3CA /* SK_LLDB1.app */;
			productType = "com.apple.product-type.application";
		};
		11A137A121EED2F80095C3CA /* SK_LLDB1Tests */ = {
			isa = PBXNativeTarget;
			buildConfigurationList = 11A137B921EED2F80095C3CA /* Build configuration list for PBXNativeTarget "SK_LLDB1Tests" */;
			buildPhases = (
				11A1379E21EED2F80095C3CA /* Sources */,
				11A1379F21EED2F80095C3CA /* Frameworks */,
				11A137A021EED2F80095C3CA /* Resources */,
			);
			buildRules = (
			);
			dependencies = (
				11A137A421EED2F80095C3CA /* PBXTargetDependency */,
			);
			name = SK_LLDB1Tests;
			productName = SK_LLDB1Tests;
			productReference = 11A137A221EED2F80095C3CA /* SK_LLDB1Tests.xctest */;
			productType = "com.apple.product-type.bundle.unit-test";
		};
		11A137AC21EED2F80095C3CA /* SK_LLDB1UITests */ = {
			isa = PBXNativeTarget;
			buildConfigurationList = 11A137BC21EED2F80095C3CA /* Build configuration list for PBXNativeTarget "SK_LLDB1UITests" */;
			buildPhases = (
				11A137A921EED2F80095C3CA /* Sources */,
				11A137AA21EED2F80095C3CA /* Frameworks */,
				11A137AB21EED2F80095C3CA /* Resources */,
			);
			buildRules = (
			);
			dependencies = (
				11A137AF21EED2F80095C3CA /* PBXTargetDependency */,
			);
			name = SK_LLDB1UITests;
			productName = SK_LLDB1UITests;
			productReference = 11A137AD21EED2F80095C3CA /* SK_LLDB1UITests.xctest */;
			productType = "com.apple.product-type.bundle.ui-testing";
		};
/* End PBXNativeTarget section */

/* Begin PBXProject section */
		11A1378221EED2F50095C3CA /* Project object */ = {
			isa = PBXProject;
			attributes = {
				LastUpgradeCheck = 1010;
				ORGANIZATIONNAME = AlexanderYeah;
				TargetAttributes = {
					11A1378921EED2F50095C3CA = {
						CreatedOnToolsVersion = 10.1;
					};
					11A137A121EED2F80095C3CA = {
						CreatedOnToolsVersion = 10.1;
						TestTargetID = 11A1378921EED2F50095C3CA;
					};
					11A137AC21EED2F80095C3CA = {
						CreatedOnToolsVersion = 10.1;
						TestTargetID = 11A1378921EED2F50095C3CA;
					};
				};
			};
			buildConfigurationList = 11A1378521EED2F50095C3CA /* Build configuration list for PBXProject "SK_LLDB1" */;
			compatibilityVersion = "Xcode 9.3";
			developmentRegion = en;
			hasScannedForEncodings = 0;
			knownRegions = (
				en,
				Base,
			);
			mainGroup = 11A1378121EED2F50095C3CA;
			productRefGroup = 11A1378B21EED2F50095C3CA /* Products */;
			projectDirPath = "";
			projectRoot = "";
			targets = (
				11A1378921EED2F50095C3CA /* SK_LLDB1 */,
				11A137A121EED2F80095C3CA /* SK_LLDB1Tests */,
				11A137AC21EED2F80095C3CA /* SK_LLDB1UITests */,
			);
		};
/* End PBXProject section */

/* Begin PBXResourcesBuildPhase section */
		11A1378821EED2F50095C3CA /* Resources */ = {
			isa = PBXResourcesBuildPhase;
			buildActionMask = 2147483647;
			files = (
				11A1379A21EED2F80095C3CA /* LaunchScreen.storyboard in Resources */,
				11A1379721EED2F80095C3CA /* Assets.xcassets in Resources */,
				11A1379521EED2F50095C3CA /* Main.storyboard in Resources */,
			);
			runOnlyForDeploymentPostprocessing = 0;
		};
		11A137A021EED2F80095C3CA /* Resources */ = {
			isa = PBXResourcesBuildPhase;
			buildActionMask = 2147483647;
			files = (
			);
			runOnlyForDeploymentPostprocessing = 0;
		};
		11A137AB21EED2F80095C3CA /* Resources */ = {
			isa = PBXResourcesBuildPhase;
			buildActionMask = 2147483647;
			files = (
			);
			runOnlyForDeploymentPostprocessing = 0;
		};
/* End PBXResourcesBuildPhase section */

/* Begin PBXSourcesBuildPhase section */
		11A1378621EED2F50095C3CA /* Sources */ = {
			isa = PBXSourcesBuildPhase;
			buildActionMask = 2147483647;
			files = (
				11A1379221EED2F50095C3CA /* ViewController.m in Sources */,
				11A1379D21EED2F80095C3CA /* main.m in Sources */,
				11A1378F21EED2F50095C3CA /* AppDelegate.m in Sources */,
			);
			runOnlyForDeploymentPostprocessing = 0;
		};
		11A1379E21EED2F80095C3CA /* Sources */ = {
			isa = PBXSourcesBuildPhase;
			buildActionMask = 2147483647;
			files = (
				11A137A721EED2F80095C3CA /* SK_LLDB1Tests.m in Sources */,
			);
			runOnlyForDeploymentPostprocessing = 0;
		};
		11A137A921EED2F80095C3CA /* Sources */ = {
			isa = PBXSourcesBuildPhase;
			buildActionMask = 2147483647;
			files = (
				11A137B221EED2F80095C3CA /* SK_LLDB1UITests.m in Sources */,
			);
			runOnlyForDeploymentPostprocessing = 0;
		};
/* End PBXSourcesBuildPhase section */

/* Begin PBXTargetDependency section */
		11A137A421EED2F80095C3CA /* PBXTargetDependency */ = {
			isa = PBXTargetDependency;
			target = 11A1378921EED2F50095C3CA /* SK_LLDB1 */;
			targetProxy = 11A137A321EED2F80095C3CA /* PBXContainerItemProxy */;
		};
		11A137AF21EED2F80095C3CA /* PBXTargetDependency */ = {
			isa = PBXTargetDependency;
			target = 11A1378921EED2F50095C3CA /* SK_LLDB1 */;
			targetProxy = 11A137AE21EED2F80095C3CA /* PBXContainerItemProxy */;
		};
/* End PBXTargetDependency section */

/* Begin PBXVariantGroup section */
		11A1379321EED2F50095C3CA /* Main.storyboard */ = {
			isa = PBXVariantGroup;
			children = (
				11A1379421EED2F50095C3CA /* Base */,
			);
			name = Main.storyboard;
			sourceTree = "<group>";
		};
		11A1379821EED2F80095C3CA /* LaunchScreen.storyboard */ = {
			isa = PBXVariantGroup;
			children = (
				11A1379921EED2F80095C3CA /* Base */,
			);
			name = LaunchScreen.storyboard;
			sourceTree = "<group>";
		};
/* End PBXVariantGroup section */

/* Begin XCBuildConfiguration section */
		11A137B421EED2F80095C3CA /* Debug */ = {
			isa = XCBuildConfiguration;
			buildSettings = {
				ALWAYS_SEARCH_USER_PATHS = NO;
				CLANG_ANALYZER_NONNULL = YES;
				CLANG_ANALYZER_NUMBER_OBJECT_CONVERSION = YES_AGGRESSIVE;
				CLANG_CXX_LANGUAGE_STANDARD = "gnu++14";
				CLANG_CXX_LIBRARY = "libc++";
				CLANG_ENABLE_MODULES = YES;
				CLANG_ENABLE_OBJC_ARC = YES;
				CLANG_ENABLE_OBJC_WEAK = YES;
				CLANG_WARN_BLOCK_CAPTURE_AUTORELEASING = YES;
				CLANG_WARN_BOOL_CONVERSION = YES;
				CLANG_WARN_COMMA = YES;
				CLANG_WARN_CONSTANT_CONVERSION = YES;
				CLANG_WARN_DEPRECATED_OBJC_IMPLEMENTATIONS = YES;
				CLANG_WARN_DIRECT_OBJC_ISA_USAGE = YES_ERROR;
				CLANG_WARN_DOCUMENTATION_COMMENTS = YES;
				CLANG_WARN_EMPTY_BODY = YES;
				CLANG_WARN_ENUM_CONVERSION = YES;
				CLANG_WARN_INFINITE_RECURSION = YES;
				CLANG_WARN_INT_CONVERSION = YES;
				CLANG_WARN_NON_LITERAL_NULL_CONVERSION = YES;
				CLANG_WARN_OBJC_IMPLICIT_RETAIN_SELF = YES;
				CLANG_WARN_OBJC_LITERAL_CONVERSION = YES;
				CLANG_WARN_OBJC_ROOT_CLASS = YES_ERROR;
				CLANG_WARN_RANGE_LOOP_ANALYSIS = YES;
				CLANG_WARN_STRICT_PROTOTYPES = YES;
				CLANG_WARN_SUSPICIOUS_MOVE = YES;
				CLANG_WARN_UNGUARDED_AVAILABILITY = YES_AGGRESSIVE;
				CLANG_WARN_UNREACHABLE_CODE = YES;
				CLANG_WARN__DUPLICATE_METHOD_MATCH = YES;
				CODE_SIGN_IDENTITY = "iPhone Developer";
				COPY_PHASE_STRIP = NO;
				DEBUG_INFORMATION_FORMAT = dwarf;
				ENABLE_STRICT_OBJC_MSGSEND = YES;
				ENABLE_TESTABILITY = YES;
				GCC_C_LANGUAGE_STANDARD = gnu11;
				GCC_DYNAMIC_NO_PIC = NO;
				GCC_NO_COMMON_BLOCKS = YES;
				GCC_OPTIMIZATION_LEVEL = 0;
				GCC_PREPROCESSOR_DEFINITIONS = (
					"DEBUG=1",
					"$(inherited)",
				);
				GCC_WARN_64_TO_32_BIT_CONVERSION = YES;
				GCC_WARN_ABOUT_RETURN_TYPE = YES_ERROR;
				GCC_WARN_UNDECLARED_SELECTOR = YES;
				GCC_WARN_UNINITIALIZED_AUTOS = YES_AGGRESSIVE;
				GCC_WARN_UNUSED_FUNCTION = YES;
				GCC_WARN_UNUSED_VARIABLE = YES;
				IPHONEOS_DEPLOYMENT_TARGET = 12.1;
				MTL_ENABLE_DEBUG_INFO = INCLUDE_SOURCE;
				MTL_FAST_MATH = YES;
				ONLY_ACTIVE_ARCH = YES;
				SDKROOT = iphoneos;
			};
			name = Debug;
		};
		11A137B521EED2F80095C3CA /* Release */ = {
			isa = XCBuildConfiguration;
			buildSettings = {
				ALWAYS_SEARCH_USER_PATHS = NO;
				CLANG_ANALYZER_NONNULL = YES;
				CLANG_ANALYZER_NUMBER_OBJECT_CONVERSION = YES_AGGRESSIVE;
				CLANG_CXX_LANGUAGE_STANDARD = "gnu++14";
				CLANG_CXX_LIBRARY = "libc++";
				CLANG_ENABLE_MODULES = YES;
				CLANG_ENABLE_OBJC_ARC = YES;
				CLANG_ENABLE_OBJC_WEAK = YES;
				CLANG_WARN_BLOCK_CAPTURE_AUTORELEASING = YES;
				CLANG_WARN_BOOL_CONVERSION = YES;
				CLANG_WARN_COMMA = YES;
				CLANG_WARN_CONSTANT_CONVERSION = YES;
				CLANG_WARN_DEPRECATED_OBJC_IMPLEMENTATIONS = YES;
				CLANG_WARN_DIRECT_OBJC_ISA_USAGE = YES_ERROR;
				CLANG_WARN_DOCUMENTATION_COMMENTS = YES;
				CLANG_WARN_EMPTY_BODY = YES;
				CLANG_WARN_ENUM_CONVERSION = YES;
				CLANG_WARN_INFINITE_RECURSION = YES;
				CLANG_WARN_INT_CONVERSION = YES;
				CLANG_WARN_NON_LITERAL_NULL_CONVERSION = YES;
				CLANG_WARN_OBJC_IMPLICIT_RETAIN_SELF = YES;
				CLANG_WARN_OBJC_LITERAL_CONVERSION = YES;
				CLANG_WARN_OBJC_ROOT_CLASS = YES_ERROR;
				CLANG_WARN_RANGE_LOOP_ANALYSIS = YES;
				CLANG_WARN_STRICT_PROTOTYPES = YES;
				CLANG_WARN_SUSPICIOUS_MOVE = YES;
				CLANG_WARN_UNGUARDED_AVAILABILITY = YES_AGGRESSIVE;
				CLANG_WARN_UNREACHABLE_CODE = YES;
				CLANG_WARN__DUPLICATE_METHOD_MATCH = YES;
				CODE_SIGN_IDENTITY = "iPhone Developer";
				COPY_PHASE_STRIP = NO;
				DEBUG_INFORMATION_FORMAT = "dwarf-with-dsym";
				ENABLE_NS_ASSERTIONS = NO;
				ENABLE_STRICT_OBJC_MSGSEND = YES;
				GCC_C_LANGUAGE_STANDARD = gnu11;
				GCC_NO_COMMON_BLOCKS = YES;
				GCC_WARN_64_TO_32_BIT_CONVERSION = YES;
				GCC_WARN_ABOUT_RETURN_TYPE = YES_ERROR;
				GCC_WARN_UNDECLARED_SELECTOR = YES;
				GCC_WARN_UNINITIALIZED_AUTOS = YES_AGGRESSIVE;
				GCC_WARN_UNUSED_FUNCTION = YES;
				GCC_WARN_UNUSED_VARIABLE = YES;
				IPHONEOS_DEPLOYMENT_TARGET = 12.1;
				MTL_ENABLE_DEBUG_INFO = NO;
				MTL_FAST_MATH = YES;
				SDKROOT = iphoneos;
				VALIDATE_PRODUCT = YES;
			};
			name = Release;
		};
		11A137B721EED2F80095C3CA /* Debug */ = {
			isa = XCBuildConfiguration;
			buildSettings = {
				ASSETCATALOG_COMPILER_APPICON_NAME = AppIcon;
				CODE_SIGN_STYLE = Automatic;
				INFOPLIST_FILE = SK_LLDB1/Info.plist;
				IPHONEOS_DEPLOYMENT_TARGET = 12.0;
				LD_RUNPATH_SEARCH_PATHS = (
					"$(inherited)",
					"@executable_path/Frameworks",
				);
				PRODUCT_BUNDLE_IDENTIFIER = "AlexanderYeah.SK-LLDB1";
				PRODUCT_NAME = "$(TARGET_NAME)";
				TARGETED_DEVICE_FAMILY = "1,2";
			};
			name = Debug;
		};
		11A137B821EED2F80095C3CA /* Release */ = {
			isa = XCBuildConfiguration;
			buildSettings = {
				ASSETCATALOG_COMPILER_APPICON_NAME = AppIcon;
				CODE_SIGN_STYLE = Automatic;
				INFOPLIST_FILE = SK_LLDB1/Info.plist;
				IPHONEOS_DEPLOYMENT_TARGET = 12.0;
				LD_RUNPATH_SEARCH_PATHS = (
					"$(inherited)",
					"@executable_path/Frameworks",
				);
				PRODUCT_BUNDLE_IDENTIFIER = "AlexanderYeah.SK-LLDB1";
				PRODUCT_NAME = "$(TARGET_NAME)";
				TARGETED_DEVICE_FAMILY = "1,2";
			};
			name = Release;
		};
		11A137BA21EED2F80095C3CA /* Debug */ = {
			isa = XCBuildConfiguration;
			buildSettings = {
				BUNDLE_LOADER = "$(TEST_HOST)";
				CODE_SIGN_STYLE = Automatic;
				INFOPLIST_FILE = SK_LLDB1Tests/Info.plist;
				LD_RUNPATH_SEARCH_PATHS = (
					"$(inherited)",
					"@executable_path/Frameworks",
					"@loader_path/Frameworks",
				);
				PRODUCT_BUNDLE_IDENTIFIER = "AlexanderYeah.SK-LLDB1Tests";
				PRODUCT_NAME = "$(TARGET_NAME)";
				TARGETED_DEVICE_FAMILY = "1,2";
				TEST_HOST = "$(BUILT_PRODUCTS_DIR)/SK_LLDB1.app/SK_LLDB1";
			};
			name = Debug;
		};
		11A137BB21EED2F80095C3CA /* Release */ = {
			isa = XCBuildConfiguration;
			buildSettings = {
				BUNDLE_LOADER = "$(TEST_HOST)";
				CODE_SIGN_STYLE = Automatic;
				INFOPLIST_FILE = SK_LLDB1Tests/Info.plist;
				LD_RUNPATH_SEARCH_PATHS = (
					"$(inherited)",
					"@executable_path/Frameworks",
					"@loader_path/Frameworks",
				);
				PRODUCT_BUNDLE_IDENTIFIER = "AlexanderYeah.SK-LLDB1Tests";
				PRODUCT_NAME = "$(TARGET_NAME)";
				TARGETED_DEVICE_FAMILY = "1,2";
				TEST_HOST = "$(BUILT_PRODUCTS_DIR)/SK_LLDB1.app/SK_LLDB1";
			};
			name = Release;
		};
		11A137BD21EED2F80095C3CA /* Debug */ = {
			isa = XCBuildConfiguration;
			buildSettings = {
				CODE_SIGN_STYLE = Automatic;
				INFOPLIST_FILE = SK_LLDB1UITests/Info.plist;
				LD_RUNPATH_SEARCH_PATHS = (
					"$(inherited)",
					"@executable_path/Frameworks",
					"@loader_path/Frameworks",
				);
				PRODUCT_BUNDLE_IDENTIFIER = "AlexanderYeah.SK-LLDB1UITests";
				PRODUCT_NAME = "$(TARGET_NAME)";
				TARGETED_DEVICE_FAMILY = "1,2";
				TEST_TARGET_NAME = SK_LLDB1;
			};
			name = Debug;
		};
		11A137BE21EED2F80095C3CA /* Release */ = {
			isa = XCBuildConfiguration;
			buildSettings = {
				CODE_SIGN_STYLE = Automatic;
				INFOPLIST_FILE = SK_LLDB1UITests/Info.plist;
				LD_RUNPATH_SEARCH_PATHS = (
					"$(inherited)",
					"@executable_path/Frameworks",
					"@loader_path/Frameworks",
				);
				PRODUCT_BUNDLE_IDENTIFIER = "AlexanderYeah.SK-LLDB1UITests";
				PRODUCT_NAME = "$(TARGET_NAME)";
				TARGETED_DEVICE_FAMILY = "1,2";
				TEST_TARGET_NAME = SK_LLDB1;
			};
			name = Release;
		};
/* End XCBuildConfiguration section */

/* Begin XCConfigurationList section */
		11A1378521EED2F50095C3CA /* Build configuration list for PBXProject "SK_LLDB1" */ = {
			isa = XCConfigurationList;
			buildConfigurations = (
				11A137B421EED2F80095C3CA /* Debug */,
				11A137B521EED2F80095C3CA /* Release */,
			);
			defaultConfigurationIsVisible = 0;
			defaultConfigurationName = Release;
		};
		11A137B621EED2F80095C3CA /* Build configuration list for PBXNativeTarget "SK_LLDB1" */ = {
			isa = XCConfigurationList;
			buildConfigurations = (
				11A137B721EED2F80095C3CA /* Debug */,
				11A137B821EED2F80095C3CA /* Release */,
			);
			defaultConfigurationIsVisible = 0;
			defaultConfigurationName = Release;
		};
		11A137B921EED2F80095C3CA /* Build configuration list for PBXNativeTarget "SK_LLDB1Tests" */ = {
			isa = XCConfigurationList;
			buildConfigurations = (
				11A137BA21EED2F80095C3CA /* Debug */,
				11A137BB21EED2F80095C3CA /* Release */,
			);
			defaultConfigurationIsVisible = 0;
			defaultConfigurationName = Release;
		};
		11A137BC21EED2F80095C3CA /* Build configuration list for PBXNativeTarget "SK_LLDB1UITests" */ = {
			isa = XCConfigurationList;
			buildConfigurations = (
				11A137BD21EED2F80095C3CA /* Debug */,
				11A137BE21EED2F80095C3CA /* Release */,
			);
			defaultConfigurationIsVisible = 0;
			defaultConfigurationName = Release;
		};
/* End XCConfigurationList section */
	};
	rootObject = 11A1378221EED2F50095C3CA /* Project object */;
}
